
Microsoft Visual Studio Solution File, Format Version 12.00
# Visual Studio Version 17
VisualStudioVersion = 17.0.31903.59
MinimumVisualStudioVersion = 10.0.40219.1
Project("{2150E333-8FDC-42A3-9474-1A3956D46DE8}") = "src", "src", "{3F30459E-EE6F-4B26-850F-F44254B5694F}"
EndProject
Project("{FAE04EC0-301F-11D3-BF4B-00C04F79EFBC}") = "WebApiOne", "src\WebApiOne\WebApiOne.csproj", "{EA0C2C84-9885-46A7-AF65-48425188B1E3}"
EndProject
Project("{FAE04EC0-301F-11D3-BF4B-00C04F79EFBC}") = "WebApiTwo", "src\WebApiTwo\WebApiTwo.csproj", "{93C860F4-14F1-47B1-BA7C-1D6975C8F172}"
EndProject
Global
	GlobalSection(SolutionConfigurationPlatforms) = preSolution
		Debug|Any CPU = Debug|Any CPU
		Release|Any CPU = Release|Any CPU
	EndGlobalSection
	GlobalSection(SolutionProperties) = preSolution
		HideSolutionNode = FALSE
	EndGlobalSection
	GlobalSection(NestedProjects) = preSolution
		{EA0C2C84-9885-46A7-AF65-48425188B1E3} = {3F30459E-EE6F-4B26-850F-F44254B5694F}
		{93C860F4-14F1-47B1-BA7C-1D6975C8F172} = {3F30459E-EE6F-4B26-850F-F44254B5694F}
	EndGlobalSection
	GlobalSection(ProjectConfigurationPlatforms) = postSolution
		{EA0C2C84-9885-46A7-AF65-48425188B1E3}.Debug|Any CPU.ActiveCfg = Debug|Any CPU
		{EA0C2C84-9885-46A7-AF65-48425188B1E3}.Debug|Any CPU.Build.0 = Debug|Any CPU
		{EA0C2C84-9885-46A7-AF65-48425188B1E3}.Release|Any CPU.ActiveCfg = Release|Any CPU
		{EA0C2C84-9885-46A7-AF65-48425188B1E3}.Release|Any CPU.Build.0 = Release|Any CPU
		{93C860F4-14F1-47B1-BA7C-1D6975C8F172}.Debug|Any CPU.ActiveCfg = Debug|Any CPU
		{93C860F4-14F1-47B1-BA7C-1D6975C8F172}.Debug|Any CPU.Build.0 = Debug|Any CPU
		{93C860F4-14F1-47B1-BA7C-1D6975C8F172}.Release|Any CPU.ActiveCfg = Release|Any CPU
		{93C860F4-14F1-47B1-BA7C-1D6975C8F172}.Release|Any CPU.Build.0 = Release|Any CPU
	EndGlobalSection
EndGlobal
